// !$*UTF8*$!
{
	archiveVersion = 1;
	classes = {
	};
	objectVersion = 55;
	objects = {

/* Begin PBXBuildFile section */
		3E13260A28C7F22D00A576F6 /* ColorConstants.swift in Sources */ = {isa = PBXBuildFile; fileRef = 3E13260928C7F22D00A576F6 /* ColorConstants.swift */; };
		3E13260C28C7F4DC00A576F6 /* MovieCard.swift in Sources */ = {isa = PBXBuildFile; fileRef = 3E13260B28C7F4DC00A576F6 /* MovieCard.swift */; };
		3E13260E28C7F62F00A576F6 /* MovieDetail.swift in Sources */ = {isa = PBXBuildFile; fileRef = 3E13260D28C7F62F00A576F6 /* MovieDetail.swift */; };
		3E13261028C800AA00A576F6 /* PageButtonModifier.swift in Sources */ = {isa = PBXBuildFile; fileRef = 3E13260F28C800AA00A576F6 /* PageButtonModifier.swift */; };
		3E26047428C5597500ED90FE /* AppTheMovieDBApp.swift in Sources */ = {isa = PBXBuildFile; fileRef = 3E26047328C5597500ED90FE /* AppTheMovieDBApp.swift */; };
		3E26047628C5597500ED90FE /* ContentView.swift in Sources */ = {isa = PBXBuildFile; fileRef = 3E26047528C5597500ED90FE /* ContentView.swift */; };
		3E26047828C5597600ED90FE /* Assets.xcassets in Resources */ = {isa = PBXBuildFile; fileRef = 3E26047728C5597600ED90FE /* Assets.xcassets */; };
		3E26047B28C5597600ED90FE /* Preview Assets.xcassets in Resources */ = {isa = PBXBuildFile; fileRef = 3E26047A28C5597600ED90FE /* Preview Assets.xcassets */; };
		3E26048228C55A9400ED90FE /* .gitignore in Resources */ = {isa = PBXBuildFile; fileRef = 3E26048128C55A9400ED90FE /* .gitignore */; };
		3E26048528C55E4600ED90FE /* Page&PreviewModels.swift in Sources */ = {isa = PBXBuildFile; fileRef = 3E26048428C55E4600ED90FE /* Page&PreviewModels.swift */; };
		3E26048728C55ECE00ED90FE /* Movie.swift in Sources */ = {isa = PBXBuildFile; fileRef = 3E26048628C55ECE00ED90FE /* Movie.swift */; };
		3E26048A28C6629600ED90FE /* MovieFetcher.swift in Sources */ = {isa = PBXBuildFile; fileRef = 3E26048928C6629600ED90FE /* MovieFetcher.swift */; };
		3E26048C28C6674D00ED90FE /* APIStructurs.swift in Sources */ = {isa = PBXBuildFile; fileRef = 3E26048B28C6674D00ED90FE /* APIStructurs.swift */; };
		3E437DC228C6DA48001F604D /* SignIn.swift in Sources */ = {isa = PBXBuildFile; fileRef = 3E437DC128C6DA48001F604D /* SignIn.swift */; };
		3E437DC528C6E899001F604D /* SignInTextAndSecureField.swift in Sources */ = {isa = PBXBuildFile; fileRef = 3E437DC428C6E899001F604D /* SignInTextAndSecureField.swift */; };
		3E4A709828C6CE6700EE2131 /* URLConstans.swift in Sources */ = {isa = PBXBuildFile; fileRef = 3E4A709728C6CE6700EE2131 /* URLConstans.swift */; };
		3E52494E28C7BD39002EC17C /* PopularMovies.swift in Sources */ = {isa = PBXBuildFile; fileRef = 3E52494D28C7BD39002EC17C /* PopularMovies.swift */; };
/* End PBXBuildFile section */

/* Begin PBXFileReference section */
		3E13260928C7F22D00A576F6 /* ColorConstants.swift */ = {isa = PBXFileReference; lastKnownFileType = sourcecode.swift; path = ColorConstants.swift; sourceTree = "<group>"; };
		3E13260B28C7F4DC00A576F6 /* MovieCard.swift */ = {isa = PBXFileReference; lastKnownFileType = sourcecode.swift; path = MovieCard.swift; sourceTree = "<group>"; };
		3E13260D28C7F62F00A576F6 /* MovieDetail.swift */ = {isa = PBXFileReference; lastKnownFileType = sourcecode.swift; path = MovieDetail.swift; sourceTree = "<group>"; };
		3E13260F28C800AA00A576F6 /* PageButtonModifier.swift */ = {isa = PBXFileReference; lastKnownFileType = sourcecode.swift; path = PageButtonModifier.swift; sourceTree = "<group>"; };
		3E26047028C5597500ED90FE /* AppTheMovieDB.app */ = {isa = PBXFileReference; explicitFileType = wrapper.application; includeInIndex = 0; path = AppTheMovieDB.app; sourceTree = BUILT_PRODUCTS_DIR; };
		3E26047328C5597500ED90FE /* AppTheMovieDBApp.swift */ = {isa = PBXFileReference; lastKnownFileType = sourcecode.swift; path = AppTheMovieDBApp.swift; sourceTree = "<group>"; };
		3E26047528C5597500ED90FE /* ContentView.swift */ = {isa = PBXFileReference; lastKnownFileType = sourcecode.swift; path = ContentView.swift; sourceTree = "<group>"; };
		3E26047728C5597600ED90FE /* Assets.xcassets */ = {isa = PBXFileReference; lastKnownFileType = folder.assetcatalog; path = Assets.xcassets; sourceTree = "<group>"; };
		3E26047A28C5597600ED90FE /* Preview Assets.xcassets */ = {isa = PBXFileReference; lastKnownFileType = folder.assetcatalog; path = "Preview Assets.xcassets"; sourceTree = "<group>"; };
		3E26048128C55A9400ED90FE /* .gitignore */ = {isa = PBXFileReference; lastKnownFileType = text; path = .gitignore; sourceTree = "<group>"; };
		3E26048428C55E4600ED90FE /* Page&PreviewModels.swift */ = {isa = PBXFileReference; lastKnownFileType = sourcecode.swift; path = "Page&PreviewModels.swift"; sourceTree = "<group>"; };
		3E26048628C55ECE00ED90FE /* Movie.swift */ = {isa = PBXFileReference; lastKnownFileType = sourcecode.swift; path = Movie.swift; sourceTree = "<group>"; };
		3E26048928C6629600ED90FE /* MovieFetcher.swift */ = {isa = PBXFileReference; lastKnownFileType = sourcecode.swift; path = MovieFetcher.swift; sourceTree = "<group>"; };
		3E26048B28C6674D00ED90FE /* APIStructurs.swift */ = {isa = PBXFileReference; lastKnownFileType = sourcecode.swift; path = APIStructurs.swift; sourceTree = "<group>"; };
		3E437DC128C6DA48001F604D /* SignIn.swift */ = {isa = PBXFileReference; lastKnownFileType = sourcecode.swift; path = SignIn.swift; sourceTree = "<group>"; };
		3E437DC428C6E899001F604D /* SignInTextAndSecureField.swift */ = {isa = PBXFileReference; lastKnownFileType = sourcecode.swift; path = SignInTextAndSecureField.swift; sourceTree = "<group>"; };
		3E4A709728C6CE6700EE2131 /* URLConstans.swift */ = {isa = PBXFileReference; lastKnownFileType = sourcecode.swift; path = URLConstans.swift; sourceTree = "<group>"; };
		3E52494D28C7BD39002EC17C /* PopularMovies.swift */ = {isa = PBXFileReference; lastKnownFileType = sourcecode.swift; path = PopularMovies.swift; sourceTree = "<group>"; };
/* End PBXFileReference section */

/* Begin PBXFrameworksBuildPhase section */
		3E26046D28C5597500ED90FE /* Frameworks */ = {
			isa = PBXFrameworksBuildPhase;
			buildActionMask = 2147483647;
			files = (
			);
			runOnlyForDeploymentPostprocessing = 0;
		};
/* End PBXFrameworksBuildPhase section */

/* Begin PBXGroup section */
		3E26046728C5597500ED90FE = {
			isa = PBXGroup;
			children = (
				3E26047228C5597500ED90FE /* AppTheMovieDB */,
				3E26047128C5597500ED90FE /* Products */,
			);
			sourceTree = "<group>";
		};
		3E26047128C5597500ED90FE /* Products */ = {
			isa = PBXGroup;
			children = (
				3E26047028C5597500ED90FE /* AppTheMovieDB.app */,
			);
			name = Products;
			sourceTree = "<group>";
		};
		3E26047228C5597500ED90FE /* AppTheMovieDB */ = {
			isa = PBXGroup;
			children = (
				3E4A709928C6D98000EE2131 /* Views */,
				3E26048828C6626200ED90FE /* API */,
				3E26048328C55E2F00ED90FE /* Models */,
				3E26047328C5597500ED90FE /* AppTheMovieDBApp.swift */,
				3E26047528C5597500ED90FE /* ContentView.swift */,
				3E26047728C5597600ED90FE /* Assets.xcassets */,
				3E26047928C5597600ED90FE /* Preview Content */,
				3E26048128C55A9400ED90FE /* .gitignore */,
			);
			path = AppTheMovieDB;
			sourceTree = "<group>";
		};
		3E26047928C5597600ED90FE /* Preview Content */ = {
			isa = PBXGroup;
			children = (
				3E26047A28C5597600ED90FE /* Preview Assets.xcassets */,
			);
			path = "Preview Content";
			sourceTree = "<group>";
		};
		3E26048328C55E2F00ED90FE /* Models */ = {
			isa = PBXGroup;
			children = (
				3E26048428C55E4600ED90FE /* Page&PreviewModels.swift */,
				3E26048628C55ECE00ED90FE /* Movie.swift */,
			);
			path = Models;
			sourceTree = "<group>";
		};
		3E26048828C6626200ED90FE /* API */ = {
			isa = PBXGroup;
			children = (
				3E26048928C6629600ED90FE /* MovieFetcher.swift */,
				3E26048B28C6674D00ED90FE /* APIStructurs.swift */,
				3E4A709728C6CE6700EE2131 /* URLConstans.swift */,
			);
			path = API;
			sourceTree = "<group>";
		};
		3E437DC328C6E876001F604D /* Helpers */ = {
			isa = PBXGroup;
			children = (
				3E437DC428C6E899001F604D /* SignInTextAndSecureField.swift */,
				3E13260928C7F22D00A576F6 /* ColorConstants.swift */,
				3E13260F28C800AA00A576F6 /* PageButtonModifier.swift */,
			);
			path = Helpers;
			sourceTree = "<group>";
		};
		3E4A709928C6D98000EE2131 /* Views */ = {
			isa = PBXGroup;
			children = (
				3E437DC328C6E876001F604D /* Helpers */,
				3E437DC128C6DA48001F604D /* SignIn.swift */,
				3E13260B28C7F4DC00A576F6 /* MovieCard.swift */,
				3E52494D28C7BD39002EC17C /* PopularMovies.swift */,
				3E13260D28C7F62F00A576F6 /* MovieDetail.swift */,
			);
			path = Views;
			sourceTree = "<group>";
		};
/* End PBXGroup section */

/* Begin PBXNativeTarget section */
		3E26046F28C5597500ED90FE /* AppTheMovieDB */ = {
			isa = PBXNativeTarget;
			buildConfigurationList = 3E26047E28C5597600ED90FE /* Build configuration list for PBXNativeTarget "AppTheMovieDB" */;
			buildPhases = (
				3E26046C28C5597500ED90FE /* Sources */,
				3E26046D28C5597500ED90FE /* Frameworks */,
				3E26046E28C5597500ED90FE /* Resources */,
			);
			buildRules = (
			);
			dependencies = (
			);
			name = AppTheMovieDB;
			productName = AppTheMovieDB;
			productReference = 3E26047028C5597500ED90FE /* AppTheMovieDB.app */;
			productType = "com.apple.product-type.application";
		};
/* End PBXNativeTarget section */

/* Begin PBXProject section */
		3E26046828C5597500ED90FE /* Project object */ = {
			isa = PBXProject;
			attributes = {
				BuildIndependentTargetsInParallel = 1;
				LastSwiftUpdateCheck = 1340;
				LastUpgradeCheck = 1340;
				TargetAttributes = {
					3E26046F28C5597500ED90FE = {
						CreatedOnToolsVersion = 13.4.1;
					};
				};
			};
			buildConfigurationList = 3E26046B28C5597500ED90FE /* Build configuration list for PBXProject "AppTheMovieDB" */;
			compatibilityVersion = "Xcode 13.0";
			developmentRegion = en;
			hasScannedForEncodings = 0;
			knownRegions = (
				en,
				Base,
			);
			mainGroup = 3E26046728C5597500ED90FE;
			productRefGroup = 3E26047128C5597500ED90FE /* Products */;
			projectDirPath = "";
			projectRoot = "";
			targets = (
				3E26046F28C5597500ED90FE /* AppTheMovieDB */,
			);
		};
/* End PBXProject section */

/* Begin PBXResourcesBuildPhase section */
		3E26046E28C5597500ED90FE /* Resources */ = {
			isa = PBXResourcesBuildPhase;
			buildActionMask = 2147483647;
			files = (
				3E26047B28C5597600ED90FE /* Preview Assets.xcassets in Resources */,
				3E26048228C55A9400ED90FE /* .gitignore in Resources */,
				3E26047828C5597600ED90FE /* Assets.xcassets in Resources */,
			);
			runOnlyForDeploymentPostprocessing = 0;
		};
/* End PBXResourcesBuildPhase section */

/* Begin PBXSourcesBuildPhase section */
		3E26046C28C5597500ED90FE /* Sources */ = {
			isa = PBXSourcesBuildPhase;
			buildActionMask = 2147483647;
			files = (
				3E52494E28C7BD39002EC17C /* PopularMovies.swift in Sources */,
				3E26048528C55E4600ED90FE /* Page&PreviewModels.swift in Sources */,
				3E4A709828C6CE6700EE2131 /* URLConstans.swift in Sources */,
				3E26047628C5597500ED90FE /* ContentView.swift in Sources */,
				3E13260A28C7F22D00A576F6 /* ColorConstants.swift in Sources */,
				3E26048728C55ECE00ED90FE /* Movie.swift in Sources */,
				3E437DC528C6E899001F604D /* SignInTextAndSecureField.swift in Sources */,
				3E26047428C5597500ED90FE /* AppTheMovieDBApp.swift in Sources */,
				3E13260E28C7F62F00A576F6 /* MovieDetail.swift in Sources */,
				3E13261028C800AA00A576F6 /* PageButtonModifier.swift in Sources */,
				3E13260C28C7F4DC00A576F6 /* MovieCard.swift in Sources */,
				3E26048C28C6674D00ED90FE /* APIStructurs.swift in Sources */,
				3E26048A28C6629600ED90FE /* MovieFetcher.swift in Sources */,
				3E437DC228C6DA48001F604D /* SignIn.swift in Sources */,
			);
			runOnlyForDeploymentPostprocessing = 0;
		};
/* End PBXSourcesBuildPhase section */

/* Begin XCBuildConfiguration section */
		3E26047C28C5597600ED90FE /* Debug */ = {
			isa = XCBuildConfiguration;
			buildSettings = {
				ALWAYS_SEARCH_USER_PATHS = NO;
				CLANG_ANALYZER_NONNULL = YES;
				CLANG_ANALYZER_NUMBER_OBJECT_CONVERSION = YES_AGGRESSIVE;
				CLANG_CXX_LANGUAGE_STANDARD = "gnu++17";
				CLANG_ENABLE_MODULES = YES;
				CLANG_ENABLE_OBJC_ARC = YES;
				CLANG_ENABLE_OBJC_WEAK = YES;
				CLANG_WARN_BLOCK_CAPTURE_AUTORELEASING = YES;
				CLANG_WARN_BOOL_CONVERSION = YES;
				CLANG_WARN_COMMA = YES;
				CLANG_WARN_CONSTANT_CONVERSION = YES;
				CLANG_WARN_DEPRECATED_OBJC_IMPLEMENTATIONS = YES;
				CLANG_WARN_DIRECT_OBJC_ISA_USAGE = YES_ERROR;
				CLANG_WARN_DOCUMENTATION_COMMENTS = YES;
				CLANG_WARN_EMPTY_BODY = YES;
				CLANG_WARN_ENUM_CONVERSION = YES;
				CLANG_WARN_INFINITE_RECURSION = YES;
				CLANG_WARN_INT_CONVERSION = YES;
				CLANG_WARN_NON_LITERAL_NULL_CONVERSION = YES;
				CLANG_WARN_OBJC_IMPLICIT_RETAIN_SELF = YES;
				CLANG_WARN_OBJC_LITERAL_CONVERSION = YES;
				CLANG_WARN_OBJC_ROOT_CLASS = YES_ERROR;
				CLANG_WARN_QUOTED_INCLUDE_IN_FRAMEWORK_HEADER = YES;
				CLANG_WARN_RANGE_LOOP_ANALYSIS = YES;
				CLANG_WARN_STRICT_PROTOTYPES = YES;
				CLANG_WARN_SUSPICIOUS_MOVE = YES;
				CLANG_WARN_UNGUARDED_AVAILABILITY = YES_AGGRESSIVE;
				CLANG_WARN_UNREACHABLE_CODE = YES;
				CLANG_WARN__DUPLICATE_METHOD_MATCH = YES;
				COPY_PHASE_STRIP = NO;
				DEBUG_INFORMATION_FORMAT = dwarf;
				ENABLE_STRICT_OBJC_MSGSEND = YES;
				ENABLE_TESTABILITY = YES;
				GCC_C_LANGUAGE_STANDARD = gnu11;
				GCC_DYNAMIC_NO_PIC = NO;
				GCC_NO_COMMON_BLOCKS = YES;
				GCC_OPTIMIZATION_LEVEL = 0;
				GCC_PREPROCESSOR_DEFINITIONS = (
					"DEBUG=1",
					"$(inherited)",
				);
				GCC_WARN_64_TO_32_BIT_CONVERSION = YES;
				GCC_WARN_ABOUT_RETURN_TYPE = YES_ERROR;
				GCC_WARN_UNDECLARED_SELECTOR = YES;
				GCC_WARN_UNINITIALIZED_AUTOS = YES_AGGRESSIVE;
				GCC_WARN_UNUSED_FUNCTION = YES;
				GCC_WARN_UNUSED_VARIABLE = YES;
				IPHONEOS_DEPLOYMENT_TARGET = 15.5;
				MTL_ENABLE_DEBUG_INFO = INCLUDE_SOURCE;
				MTL_FAST_MATH = YES;
				ONLY_ACTIVE_ARCH = YES;
				SDKROOT = iphoneos;
				SWIFT_ACTIVE_COMPILATION_CONDITIONS = DEBUG;
				SWIFT_OPTIMIZATION_LEVEL = "-Onone";
			};
			name = Debug;
		};
		3E26047D28C5597600ED90FE /* Release */ = {
			isa = XCBuildConfiguration;
			buildSettings = {
				ALWAYS_SEARCH_USER_PATHS = NO;
				CLANG_ANALYZER_NONNULL = YES;
				CLANG_ANALYZER_NUMBER_OBJECT_CONVERSION = YES_AGGRESSIVE;
				CLANG_CXX_LANGUAGE_STANDARD = "gnu++17";
				CLANG_ENABLE_MODULES = YES;
				CLANG_ENABLE_OBJC_ARC = YES;
				CLANG_ENABLE_OBJC_WEAK = YES;
				CLANG_WARN_BLOCK_CAPTURE_AUTORELEASING = YES;
				CLANG_WARN_BOOL_CONVERSION = YES;
				CLANG_WARN_COMMA = YES;
				CLANG_WARN_CONSTANT_CONVERSION = YES;
				CLANG_WARN_DEPRECATED_OBJC_IMPLEMENTATIONS = YES;
				CLANG_WARN_DIRECT_OBJC_ISA_USAGE = YES_ERROR;
				CLANG_WARN_DOCUMENTATION_COMMENTS = YES;
				CLANG_WARN_EMPTY_BODY = YES;
				CLANG_WARN_ENUM_CONVERSION = YES;
				CLANG_WARN_INFINITE_RECURSION = YES;
				CLANG_WARN_INT_CONVERSION = YES;
				CLANG_WARN_NON_LITERAL_NULL_CONVERSION = YES;
				CLANG_WARN_OBJC_IMPLICIT_RETAIN_SELF = YES;
				CLANG_WARN_OBJC_LITERAL_CONVERSION = YES;
				CLANG_WARN_OBJC_ROOT_CLASS = YES_ERROR;
				CLANG_WARN_QUOTED_INCLUDE_IN_FRAMEWORK_HEADER = YES;
				CLANG_WARN_RANGE_LOOP_ANALYSIS = YES;
				CLANG_WARN_STRICT_PROTOTYPES = YES;
				CLANG_WARN_SUSPICIOUS_MOVE = YES;
				CLANG_WARN_UNGUARDED_AVAILABILITY = YES_AGGRESSIVE;
				CLANG_WARN_UNREACHABLE_CODE = YES;
				CLANG_WARN__DUPLICATE_METHOD_MATCH = YES;
				COPY_PHASE_STRIP = NO;
				DEBUG_INFORMATION_FORMAT = "dwarf-with-dsym";
				ENABLE_NS_ASSERTIONS = NO;
				ENABLE_STRICT_OBJC_MSGSEND = YES;
				GCC_C_LANGUAGE_STANDARD = gnu11;
				GCC_NO_COMMON_BLOCKS = YES;
				GCC_WARN_64_TO_32_BIT_CONVERSION = YES;
				GCC_WARN_ABOUT_RETURN_TYPE = YES_ERROR;
				GCC_WARN_UNDECLARED_SELECTOR = YES;
				GCC_WARN_UNINITIALIZED_AUTOS = YES_AGGRESSIVE;
				GCC_WARN_UNUSED_FUNCTION = YES;
				GCC_WARN_UNUSED_VARIABLE = YES;
				IPHONEOS_DEPLOYMENT_TARGET = 15.5;
				MTL_ENABLE_DEBUG_INFO = NO;
				MTL_FAST_MATH = YES;
				SDKROOT = iphoneos;
				SWIFT_COMPILATION_MODE = wholemodule;
				SWIFT_OPTIMIZATION_LEVEL = "-O";
				VALIDATE_PRODUCT = YES;
			};
			name = Release;
		};
		3E26047F28C5597600ED90FE /* Debug */ = {
			isa = XCBuildConfiguration;
			buildSettings = {
				ASSETCATALOG_COMPILER_APPICON_NAME = AppIcon;
				ASSETCATALOG_COMPILER_GLOBAL_ACCENT_COLOR_NAME = AccentColor;
				CODE_SIGN_STYLE = Automatic;
				CURRENT_PROJECT_VERSION = 1;
				DEVELOPMENT_ASSET_PATHS = "\"AppTheMovieDB/Preview Content\"";
				DEVELOPMENT_TEAM = 6R9469NYK4;
				ENABLE_PREVIEWS = YES;
				GENERATE_INFOPLIST_FILE = YES;
				INFOPLIST_KEY_UIApplicationSceneManifest_Generation = YES;
				INFOPLIST_KEY_UIApplicationSupportsIndirectInputEvents = YES;
				INFOPLIST_KEY_UILaunchScreen_Generation = YES;
				INFOPLIST_KEY_UISupportedInterfaceOrientations_iPad = "UIInterfaceOrientationPortrait UIInterfaceOrientationPortraitUpsideDown UIInterfaceOrientationLandscapeLeft UIInterfaceOrientationLandscapeRight";
				INFOPLIST_KEY_UISupportedInterfaceOrientations_iPhone = "UIInterfaceOrientationPortrait UIInterfaceOrientationLandscapeLeft UIInterfaceOrientationLandscapeRight";
				LD_RUNPATH_SEARCH_PATHS = (
					"$(inherited)",
					"@executable_path/Frameworks",
				);
				MARKETING_VERSION = 1.0;
				PRODUCT_BUNDLE_IDENTIFIER = vyach.gudzenko.AppTheMovieDB;
				PRODUCT_NAME = "$(TARGET_NAME)";
				SWIFT_EMIT_LOC_STRINGS = YES;
				SWIFT_VERSION = 5.0;
				TARGETED_DEVICE_FAMILY = "1,2";
			};
			name = Debug;
		};
		3E26048028C5597600ED90FE /* Release */ = {
			isa = XCBuildConfiguration;
			buildSettings = {
				ASSETCATALOG_COMPILER_APPICON_NAME = AppIcon;
				ASSETCATALOG_COMPILER_GLOBAL_ACCENT_COLOR_NAME = AccentColor;
				CODE_SIGN_STYLE = Automatic;
				CURRENT_PROJECT_VERSION = 1;
				DEVELOPMENT_ASSET_PATHS = "\"AppTheMovieDB/Preview Content\"";
				DEVELOPMENT_TEAM = 6R9469NYK4;
				ENABLE_PREVIEWS = YES;
				GENERATE_INFOPLIST_FILE = YES;
				INFOPLIST_KEY_UIApplicationSceneManifest_Generation = YES;
				INFOPLIST_KEY_UIApplicationSupportsIndirectInputEvents = YES;
				INFOPLIST_KEY_UILaunchScreen_Generation = YES;
				INFOPLIST_KEY_UISupportedInterfaceOrientations_iPad = "UIInterfaceOrientationPortrait UIInterfaceOrientationPortraitUpsideDown UIInterfaceOrientationLandscapeLeft UIInterfaceOrientationLandscapeRight";
				INFOPLIST_KEY_UISupportedInterfaceOrientations_iPhone = "UIInterfaceOrientationPortrait UIInterfaceOrientationLandscapeLeft UIInterfaceOrientationLandscapeRight";
				LD_RUNPATH_SEARCH_PATHS = (
					"$(inherited)",
					"@executable_path/Frameworks",
				);
				MARKETING_VERSION = 1.0;
				PRODUCT_BUNDLE_IDENTIFIER = vyach.gudzenko.AppTheMovieDB;
				PRODUCT_NAME = "$(TARGET_NAME)";
				SWIFT_EMIT_LOC_STRINGS = YES;
				SWIFT_VERSION = 5.0;
				TARGETED_DEVICE_FAMILY = "1,2";
			};
			name = Release;
		};
/* End XCBuildConfiguration section */

/* Begin XCConfigurationList section */
		3E26046B28C5597500ED90FE /* Build configuration list for PBXProject "AppTheMovieDB" */ = {
			isa = XCConfigurationList;
			buildConfigurations = (
				3E26047C28C5597600ED90FE /* Debug */,
				3E26047D28C5597600ED90FE /* Release */,
			);
			defaultConfigurationIsVisible = 0;
			defaultConfigurationName = Release;
		};
		3E26047E28C5597600ED90FE /* Build configuration list for PBXNativeTarget "AppTheMovieDB" */ = {
			isa = XCConfigurationList;
			buildConfigurations = (
				3E26047F28C5597600ED90FE /* Debug */,
				3E26048028C5597600ED90FE /* Release */,
			);
			defaultConfigurationIsVisible = 0;
			defaultConfigurationName = Release;
		};
/* End XCConfigurationList section */
	};
	rootObject = 3E26046828C5597500ED90FE /* Project object */;
}
